// !$*UTF8*$!
{
	archiveVersion = 1;
	classes = {
	};
	objectVersion = 46;
	objects = {

/* Begin PBXBuildFile section */
		CE1538851F62444200F00AF9 /* AppDelegate.swift in Sources */ = {isa = PBXBuildFile; fileRef = CE1538841F62444200F00AF9 /* AppDelegate.swift */; };
		CE1538871F62444200F00AF9 /* ViewController.swift in Sources */ = {isa = PBXBuildFile; fileRef = CE1538861F62444200F00AF9 /* ViewController.swift */; };
		CE15388A1F62444200F00AF9 /* Main.storyboard in Resources */ = {isa = PBXBuildFile; fileRef = CE1538881F62444200F00AF9 /* Main.storyboard */; };
		CE15388C1F62444200F00AF9 /* Assets.xcassets in Resources */ = {isa = PBXBuildFile; fileRef = CE15388B1F62444200F00AF9 /* Assets.xcassets */; };
		CE15388F1F62444200F00AF9 /* LaunchScreen.storyboard in Resources */ = {isa = PBXBuildFile; fileRef = CE15388D1F62444200F00AF9 /* LaunchScreen.storyboard */; };
		CE15389A1F62444200F00AF9 /* TipsterTests.swift in Sources */ = {isa = PBXBuildFile; fileRef = CE1538991F62444200F00AF9 /* TipsterTests.swift */; };
		CE1538A51F62444200F00AF9 /* TipsterUITests.swift in Sources */ = {isa = PBXBuildFile; fileRef = CE1538A41F62444200F00AF9 /* TipsterUITests.swift */; };
/* End PBXBuildFile section */

/* Begin PBXContainerItemProxy section */
		CE1538961F62444200F00AF9 /* PBXContainerItemProxy */ = {
			isa = PBXContainerItemProxy;
			containerPortal = CE1538791F62444200F00AF9 /* Project object */;
			proxyType = 1;
			remoteGlobalIDString = CE1538801F62444200F00AF9;
			remoteInfo = Tipster;
		};
		CE1538A11F62444200F00AF9 /* PBXContainerItemProxy */ = {
			isa = PBXContainerItemProxy;
			containerPortal = CE1538791F62444200F00AF9 /* Project object */;
			proxyType = 1;
			remoteGlobalIDString = CE1538801F62444200F00AF9;
			remoteInfo = Tipster;
		};
/* End PBXContainerItemProxy section */

/* Begin PBXFileReference section */
		CE1538811F62444200F00AF9 /* Tipster.app */ = {isa = PBXFileReference; explicitFileType = wrapper.application; includeInIndex = 0; path = Tipster.app; sourceTree = BUILT_PRODUCTS_DIR; };
		CE1538841F62444200F00AF9 /* AppDelegate.swift */ = {isa = PBXFileReference; lastKnownFileType = sourcecode.swift; path = AppDelegate.swift; sourceTree = "<group>"; };
		CE1538861F62444200F00AF9 /* ViewController.swift */ = {isa = PBXFileReference; lastKnownFileType = sourcecode.swift; path = ViewController.swift; sourceTree = "<group>"; };
		CE1538891F62444200F00AF9 /* Base */ = {isa = PBXFileReference; lastKnownFileType = file.storyboard; name = Base; path = Base.lproj/Main.storyboard; sourceTree = "<group>"; };
		CE15388B1F62444200F00AF9 /* Assets.xcassets */ = {isa = PBXFileReference; lastKnownFileType = folder.assetcatalog; path = Assets.xcassets; sourceTree = "<group>"; };
		CE15388E1F62444200F00AF9 /* Base */ = {isa = PBXFileReference; lastKnownFileType = file.storyboard; name = Base; path = Base.lproj/LaunchScreen.storyboard; sourceTree = "<group>"; };
		CE1538901F62444200F00AF9 /* Info.plist */ = {isa = PBXFileReference; lastKnownFileType = text.plist.xml; path = Info.plist; sourceTree = "<group>"; };
		CE1538951F62444200F00AF9 /* TipsterTests.xctest */ = {isa = PBXFileReference; explicitFileType = wrapper.cfbundle; includeInIndex = 0; path = TipsterTests.xctest; sourceTree = BUILT_PRODUCTS_DIR; };
		CE1538991F62444200F00AF9 /* TipsterTests.swift */ = {isa = PBXFileReference; lastKnownFileType = sourcecode.swift; path = TipsterTests.swift; sourceTree = "<group>"; };
		CE15389B1F62444200F00AF9 /* Info.plist */ = {isa = PBXFileReference; lastKnownFileType = text.plist.xml; path = Info.plist; sourceTree = "<group>"; };
		CE1538A01F62444200F00AF9 /* TipsterUITests.xctest */ = {isa = PBXFileReference; explicitFileType = wrapper.cfbundle; includeInIndex = 0; path = TipsterUITests.xctest; sourceTree = BUILT_PRODUCTS_DIR; };
		CE1538A41F62444200F00AF9 /* TipsterUITests.swift */ = {isa = PBXFileReference; lastKnownFileType = sourcecode.swift; path = TipsterUITests.swift; sourceTree = "<group>"; };
		CE1538A61F62444200F00AF9 /* Info.plist */ = {isa = PBXFileReference; lastKnownFileType = text.plist.xml; path = Info.plist; sourceTree = "<group>"; };
/* End PBXFileReference section */

/* Begin PBXFrameworksBuildPhase section */
		CE15387E1F62444200F00AF9 /* Frameworks */ = {
			isa = PBXFrameworksBuildPhase;
			buildActionMask = 2147483647;
			files = (
			);
			runOnlyForDeploymentPostprocessing = 0;
		};
		CE1538921F62444200F00AF9 /* Frameworks */ = {
			isa = PBXFrameworksBuildPhase;
			buildActionMask = 2147483647;
			files = (
			);
			runOnlyForDeploymentPostprocessing = 0;
		};
		CE15389D1F62444200F00AF9 /* Frameworks */ = {
			isa = PBXFrameworksBuildPhase;
			buildActionMask = 2147483647;
			files = (
			);
			runOnlyForDeploymentPostprocessing = 0;
		};
/* End PBXFrameworksBuildPhase section */

/* Begin PBXGroup section */
		CE1538781F62444200F00AF9 = {
			isa = PBXGroup;
			children = (
				CE1538831F62444200F00AF9 /* Tipster */,
				CE1538981F62444200F00AF9 /* TipsterTests */,
				CE1538A31F62444200F00AF9 /* TipsterUITests */,
				CE1538821F62444200F00AF9 /* Products */,
			);
			sourceTree = "<group>";
		};
		CE1538821F62444200F00AF9 /* Products */ = {
			isa = PBXGroup;
			children = (
				CE1538811F62444200F00AF9 /* Tipster.app */,
				CE1538951F62444200F00AF9 /* TipsterTests.xctest */,
				CE1538A01F62444200F00AF9 /* TipsterUITests.xctest */,
			);
			name = Products;
			sourceTree = "<group>";
		};
		CE1538831F62444200F00AF9 /* Tipster */ = {
			isa = PBXGroup;
			children = (
				CE1538841F62444200F00AF9 /* AppDelegate.swift */,
				CE1538861F62444200F00AF9 /* ViewController.swift */,
				CE1538881F62444200F00AF9 /* Main.storyboard */,
				CE15388B1F62444200F00AF9 /* Assets.xcassets */,
				CE15388D1F62444200F00AF9 /* LaunchScreen.storyboard */,
				CE1538901F62444200F00AF9 /* Info.plist */,
			);
			path = Tipster;
			sourceTree = "<group>";
		};
		CE1538981F62444200F00AF9 /* TipsterTests */ = {
			isa = PBXGroup;
			children = (
				CE1538991F62444200F00AF9 /* TipsterTests.swift */,
				CE15389B1F62444200F00AF9 /* Info.plist */,
			);
			path = TipsterTests;
			sourceTree = "<group>";
		};
		CE1538A31F62444200F00AF9 /* TipsterUITests */ = {
			isa = PBXGroup;
			children = (
				CE1538A41F62444200F00AF9 /* TipsterUITests.swift */,
				CE1538A61F62444200F00AF9 /* Info.plist */,
			);
			path = TipsterUITests;
			sourceTree = "<group>";
		};
/* End PBXGroup section */

/* Begin PBXNativeTarget section */
		CE1538801F62444200F00AF9 /* Tipster */ = {
			isa = PBXNativeTarget;
			buildConfigurationList = CE1538A91F62444200F00AF9 /* Build configuration list for PBXNativeTarget "Tipster" */;
			buildPhases = (
				CE15387D1F62444200F00AF9 /* Sources */,
				CE15387E1F62444200F00AF9 /* Frameworks */,
				CE15387F1F62444200F00AF9 /* Resources */,
			);
			buildRules = (
			);
			dependencies = (
			);
			name = Tipster;
			productName = Tipster;
			productReference = CE1538811F62444200F00AF9 /* Tipster.app */;
			productType = "com.apple.product-type.application";
		};
		CE1538941F62444200F00AF9 /* TipsterTests */ = {
			isa = PBXNativeTarget;
			buildConfigurationList = CE1538AC1F62444200F00AF9 /* Build configuration list for PBXNativeTarget "TipsterTests" */;
			buildPhases = (
				CE1538911F62444200F00AF9 /* Sources */,
				CE1538921F62444200F00AF9 /* Frameworks */,
				CE1538931F62444200F00AF9 /* Resources */,
			);
			buildRules = (
			);
			dependencies = (
				CE1538971F62444200F00AF9 /* PBXTargetDependency */,
			);
			name = TipsterTests;
			productName = TipsterTests;
			productReference = CE1538951F62444200F00AF9 /* TipsterTests.xctest */;
			productType = "com.apple.product-type.bundle.unit-test";
		};
		CE15389F1F62444200F00AF9 /* TipsterUITests */ = {
			isa = PBXNativeTarget;
			buildConfigurationList = CE1538AF1F62444200F00AF9 /* Build configuration list for PBXNativeTarget "TipsterUITests" */;
			buildPhases = (
				CE15389C1F62444200F00AF9 /* Sources */,
				CE15389D1F62444200F00AF9 /* Frameworks */,
				CE15389E1F62444200F00AF9 /* Resources */,
			);
			buildRules = (
			);
			dependencies = (
				CE1538A21F62444200F00AF9 /* PBXTargetDependency */,
			);
			name = TipsterUITests;
			productName = TipsterUITests;
			productReference = CE1538A01F62444200F00AF9 /* TipsterUITests.xctest */;
			productType = "com.apple.product-type.bundle.ui-testing";
		};
/* End PBXNativeTarget section */

/* Begin PBXProject section */
		CE1538791F62444200F00AF9 /* Project object */ = {
			isa = PBXProject;
			attributes = {
				LastSwiftUpdateCheck = 0830;
				LastUpgradeCheck = 0830;
				ORGANIZATIONNAME = "Toro Roan";
				TargetAttributes = {
					CE1538801F62444200F00AF9 = {
						CreatedOnToolsVersion = 8.3.3;
						ProvisioningStyle = Automatic;
					};
					CE1538941F62444200F00AF9 = {
						CreatedOnToolsVersion = 8.3.3;
						ProvisioningStyle = Automatic;
						TestTargetID = CE1538801F62444200F00AF9;
					};
					CE15389F1F62444200F00AF9 = {
						CreatedOnToolsVersion = 8.3.3;
						ProvisioningStyle = Automatic;
						TestTargetID = CE1538801F62444200F00AF9;
					};
				};
			};
			buildConfigurationList = CE15387C1F62444200F00AF9 /* Build configuration list for PBXProject "Tipster" */;
			compatibilityVersion = "Xcode 3.2";
			developmentRegion = English;
			hasScannedForEncodings = 0;
			knownRegions = (
				en,
				Base,
			);
			mainGroup = CE1538781F62444200F00AF9;
			productRefGroup = CE1538821F62444200F00AF9 /* Products */;
			projectDirPath = "";
			projectRoot = "";
			targets = (
				CE1538801F62444200F00AF9 /* Tipster */,
				CE1538941F62444200F00AF9 /* TipsterTests */,
				CE15389F1F62444200F00AF9 /* TipsterUITests */,
			);
		};
/* End PBXProject section */

/* Begin PBXResourcesBuildPhase section */
		CE15387F1F62444200F00AF9 /* Resources */ = {
			isa = PBXResourcesBuildPhase;
			buildActionMask = 2147483647;
			files = (
				CE15388F1F62444200F00AF9 /* LaunchScreen.storyboard in Resources */,
				CE15388C1F62444200F00AF9 /* Assets.xcassets in Resources */,
				CE15388A1F62444200F00AF9 /* Main.storyboard in Resources */,
			);
			runOnlyForDeploymentPostprocessing = 0;
		};
		CE1538931F62444200F00AF9 /* Resources */ = {
			isa = PBXResourcesBuildPhase;
			buildActionMask = 2147483647;
			files = (
			);
			runOnlyForDeploymentPostprocessing = 0;
		};
		CE15389E1F62444200F00AF9 /* Resources */ = {
			isa = PBXResourcesBuildPhase;
			buildActionMask = 2147483647;
			files = (
			);
			runOnlyForDeploymentPostprocessing = 0;
		};
/* End PBXResourcesBuildPhase section */

/* Begin PBXSourcesBuildPhase section */
		CE15387D1F62444200F00AF9 /* Sources */ = {
			isa = PBXSourcesBuildPhase;
			buildActionMask = 2147483647;
			files = (
				CE1538871F62444200F00AF9 /* ViewController.swift in Sources */,
				CE1538851F62444200F00AF9 /* AppDelegate.swift in Sources */,
			);
			runOnlyForDeploymentPostprocessing = 0;
		};
		CE1538911F62444200F00AF9 /* Sources */ = {
			isa = PBXSourcesBuildPhase;
			buildActionMask = 2147483647;
			files = (
				CE15389A1F62444200F00AF9 /* TipsterTests.swift in Sources */,
			);
			runOnlyForDeploymentPostprocessing = 0;
		};
		CE15389C1F62444200F00AF9 /* Sources */ = {
			isa = PBXSourcesBuildPhase;
			buildActionMask = 2147483647;
			files = (
				CE1538A51F62444200F00AF9 /* TipsterUITests.swift in Sources */,
			);
			runOnlyForDeploymentPostprocessing = 0;
		};
/* End PBXSourcesBuildPhase section */

/* Begin PBXTargetDependency section */
		CE1538971F62444200F00AF9 /* PBXTargetDependency */ = {
			isa = PBXTargetDependency;
			target = CE1538801F62444200F00AF9 /* Tipster */;
			targetProxy = CE1538961F62444200F00AF9 /* PBXContainerItemProxy */;
		};
		CE1538A21F62444200F00AF9 /* PBXTargetDependency */ = {
			isa = PBXTargetDependency;
			target = CE1538801F62444200F00AF9 /* Tipster */;
			targetProxy = CE1538A11F62444200F00AF9 /* PBXContainerItemProxy */;
		};
/* End PBXTargetDependency section */

/* Begin PBXVariantGroup section */
		CE1538881F62444200F00AF9 /* Main.storyboard */ = {
			isa = PBXVariantGroup;
			children = (
				CE1538891F62444200F00AF9 /* Base */,
			);
			name = Main.storyboard;
			sourceTree = "<group>";
		};
		CE15388D1F62444200F00AF9 /* LaunchScreen.storyboard */ = {
			isa = PBXVariantGroup;
			children = (
				CE15388E1F62444200F00AF9 /* Base */,
			);
			name = LaunchScreen.storyboard;
			sourceTree = "<group>";
		};
/* End PBXVariantGroup section */

/* Begin XCBuildConfiguration section */
		CE1538A71F62444200F00AF9 /* Debug */ = {
			isa = XCBuildConfiguration;
			buildSettings = {
				ALWAYS_SEARCH_USER_PATHS = NO;
				CLANG_ANALYZER_NONNULL = YES;
				CLANG_ANALYZER_NUMBER_OBJECT_CONVERSION = YES_AGGRESSIVE;
				CLANG_CXX_LANGUAGE_STANDARD = "gnu++0x";
				CLANG_CXX_LIBRARY = "libc++";
				CLANG_ENABLE_MODULES = YES;
				CLANG_ENABLE_OBJC_ARC = YES;
				CLANG_WARN_BOOL_CONVERSION = YES;
				CLANG_WARN_CONSTANT_CONVERSION = YES;
				CLANG_WARN_DIRECT_OBJC_ISA_USAGE = YES_ERROR;
				CLANG_WARN_DOCUMENTATION_COMMENTS = YES;
				CLANG_WARN_EMPTY_BODY = YES;
				CLANG_WARN_ENUM_CONVERSION = YES;
				CLANG_WARN_INFINITE_RECURSION = YES;
				CLANG_WARN_INT_CONVERSION = YES;
				CLANG_WARN_OBJC_ROOT_CLASS = YES_ERROR;
				CLANG_WARN_SUSPICIOUS_MOVE = YES;
				CLANG_WARN_UNREACHABLE_CODE = YES;
				CLANG_WARN__DUPLICATE_METHOD_MATCH = YES;
				"CODE_SIGN_IDENTITY[sdk=iphoneos*]" = "iPhone Developer";
				COPY_PHASE_STRIP = NO;
				DEBUG_INFORMATION_FORMAT = dwarf;
				ENABLE_STRICT_OBJC_MSGSEND = YES;
				ENABLE_TESTABILITY = YES;
				GCC_C_LANGUAGE_STANDARD = gnu99;
				GCC_DYNAMIC_NO_PIC = NO;
				GCC_NO_COMMON_BLOCKS = YES;
				GCC_OPTIMIZATION_LEVEL = 0;
				GCC_PREPROCESSOR_DEFINITIONS = (
					"DEBUG=1",
					"$(inherited)",
				);
				GCC_WARN_64_TO_32_BIT_CONVERSION = YES;
				GCC_WARN_ABOUT_RETURN_TYPE = YES_ERROR;
				GCC_WARN_UNDECLARED_SELECTOR = YES;
				GCC_WARN_UNINITIALIZED_AUTOS = YES_AGGRESSIVE;
				GCC_WARN_UNUSED_FUNCTION = YES;
				GCC_WARN_UNUSED_VARIABLE = YES;
				IPHONEOS_DEPLOYMENT_TARGET = 10.3;
				MTL_ENABLE_DEBUG_INFO = YES;
				ONLY_ACTIVE_ARCH = YES;
				SDKROOT = iphoneos;
				SWIFT_ACTIVE_COMPILATION_CONDITIONS = DEBUG;
				SWIFT_OPTIMIZATION_LEVEL = "-Onone";
				TARGETED_DEVICE_FAMILY = "1,2";
			};
			name = Debug;
		};
		CE1538A81F62444200F00AF9 /* Release */ = {
			isa = XCBuildConfiguration;
			buildSettings = {
				ALWAYS_SEARCH_USER_PATHS = NO;
				CLANG_ANALYZER_NONNULL = YES;
				CLANG_ANALYZER_NUMBER_OBJECT_CONVERSION = YES_AGGRESSIVE;
				CLANG_CXX_LANGUAGE_STANDARD = "gnu++0x";
				CLANG_CXX_LIBRARY = "libc++";
				CLANG_ENABLE_MODULES = YES;
				CLANG_ENABLE_OBJC_ARC = YES;
				CLANG_WARN_BOOL_CONVERSION = YES;
				CLANG_WARN_CONSTANT_CONVERSION = YES;
				CLANG_WARN_DIRECT_OBJC_ISA_USAGE = YES_ERROR;
				CLANG_WARN_DOCUMENTATION_COMMENTS = YES;
				CLANG_WARN_EMPTY_BODY = YES;
				CLANG_WARN_ENUM_CONVERSION = YES;
				CLANG_WARN_INFINITE_RECURSION = YES;
				CLANG_WARN_INT_CONVERSION = YES;
				CLANG_WARN_OBJC_ROOT_CLASS = YES_ERROR;
				CLANG_WARN_SUSPICIOUS_MOVE = YES;
				CLANG_WARN_UNREACHABLE_CODE = YES;
				CLANG_WARN__DUPLICATE_METHOD_MATCH = YES;
				"CODE_SIGN_IDENTITY[sdk=iphoneos*]" = "iPhone Developer";
				COPY_PHASE_STRIP = NO;
				DEBUG_INFORMATION_FORMAT = "dwarf-with-dsym";
				ENABLE_NS_ASSERTIONS = NO;
				ENABLE_STRICT_OBJC_MSGSEND = YES;
				GCC_C_LANGUAGE_STANDARD = gnu99;
				GCC_NO_COMMON_BLOCKS = YES;
				GCC_WARN_64_TO_32_BIT_CONVERSION = YES;
				GCC_WARN_ABOUT_RETURN_TYPE = YES_ERROR;
				GCC_WARN_UNDECLARED_SELECTOR = YES;
				GCC_WARN_UNINITIALIZED_AUTOS = YES_AGGRESSIVE;
				GCC_WARN_UNUSED_FUNCTION = YES;
				GCC_WARN_UNUSED_VARIABLE = YES;
				IPHONEOS_DEPLOYMENT_TARGET = 10.3;
				MTL_ENABLE_DEBUG_INFO = NO;
				SDKROOT = iphoneos;
				SWIFT_OPTIMIZATION_LEVEL = "-Owholemodule";
				TARGETED_DEVICE_FAMILY = "1,2";
				VALIDATE_PRODUCT = YES;
			};
			name = Release;
		};
		CE1538AA1F62444200F00AF9 /* Debug */ = {
			isa = XCBuildConfiguration;
			buildSettings = {
				ASSETCATALOG_COMPILER_APPICON_NAME = AppIcon;
				INFOPLIST_FILE = Tipster/Info.plist;
				LD_RUNPATH_SEARCH_PATHS = "$(inherited) @executable_path/Frameworks";
				PRODUCT_BUNDLE_IDENTIFIER = com.torodomo.Tipster;
				PRODUCT_NAME = "$(TARGET_NAME)";
				SWIFT_VERSION = 3.0;
			};
			name = Debug;
		};
		CE1538AB1F62444200F00AF9 /* Release */ = {
			isa = XCBuildConfiguration;
			buildSettings = {
				ASSETCATALOG_COMPILER_APPICON_NAME = AppIcon;
				INFOPLIST_FILE = Tipster/Info.plist;
				LD_RUNPATH_SEARCH_PATHS = "$(inherited) @executable_path/Frameworks";
				PRODUCT_BUNDLE_IDENTIFIER = com.torodomo.Tipster;
				PRODUCT_NAME = "$(TARGET_NAME)";
				SWIFT_VERSION = 3.0;
			};
			name = Release;
		};
		CE1538AD1F62444200F00AF9 /* Debug */ = {
			isa = XCBuildConfiguration;
			buildSettings = {
				ALWAYS_EMBED_SWIFT_STANDARD_LIBRARIES = YES;
				BUNDLE_LOADER = "$(TEST_HOST)";
				INFOPLIST_FILE = TipsterTests/Info.plist;
				LD_RUNPATH_SEARCH_PATHS = "$(inherited) @executable_path/Frameworks @loader_path/Frameworks";
				PRODUCT_BUNDLE_IDENTIFIER = com.torodomo.TipsterTests;
				PRODUCT_NAME = "$(TARGET_NAME)";
				SWIFT_VERSION = 3.0;
				TEST_HOST = "$(BUILT_PRODUCTS_DIR)/Tipster.app/Tipster";
			};
			name = Debug;
		};
		CE1538AE1F62444200F00AF9 /* Release */ = {
			isa = XCBuildConfiguration;
			buildSettings = {
				ALWAYS_EMBED_SWIFT_STANDARD_LIBRARIES = YES;
				BUNDLE_LOADER = "$(TEST_HOST)";
				INFOPLIST_FILE = TipsterTests/Info.plist;
				LD_RUNPATH_SEARCH_PATHS = "$(inherited) @executable_path/Frameworks @loader_path/Frameworks";
				PRODUCT_BUNDLE_IDENTIFIER = com.torodomo.TipsterTests;
				PRODUCT_NAME = "$(TARGET_NAME)";
				SWIFT_VERSION = 3.0;
				TEST_HOST = "$(BUILT_PRODUCTS_DIR)/Tipster.app/Tipster";
			};
			name = Release;
		};
		CE1538B01F62444200F00AF9 /* Debug */ = {
			isa = XCBuildConfiguration;
			buildSettings = {
				ALWAYS_EMBED_SWIFT_STANDARD_LIBRARIES = YES;
				INFOPLIST_FILE = TipsterUITests/Info.plist;
				LD_RUNPATH_SEARCH_PATHS = "$(inherited) @executable_path/Frameworks @loader_path/Frameworks";
				PRODUCT_BUNDLE_IDENTIFIER = com.torodomo.TipsterUITests;
				PRODUCT_NAME = "$(TARGET_NAME)";
				SWIFT_VERSION = 3.0;
				TEST_TARGET_NAME = Tipster;
			};
			name = Debug;
		};
		CE1538B11F62444200F00AF9 /* Release */ = {
			isa = XCBuildConfiguration;
			buildSettings = {
				ALWAYS_EMBED_SWIFT_STANDARD_LIBRARIES = YES;
				INFOPLIST_FILE = TipsterUITests/Info.plist;
				LD_RUNPATH_SEARCH_PATHS = "$(inherited) @executable_path/Frameworks @loader_path/Frameworks";
				PRODUCT_BUNDLE_IDENTIFIER = com.torodomo.TipsterUITests;
				PRODUCT_NAME = "$(TARGET_NAME)";
				SWIFT_VERSION = 3.0;
				TEST_TARGET_NAME = Tipster;
			};
			name = Release;
		};
/* End XCBuildConfiguration section */

/* Begin XCConfigurationList section */
		CE15387C1F62444200F00AF9 /* Build configuration list for PBXProject "Tipster" */ = {
			isa = XCConfigurationList;
			buildConfigurations = (
				CE1538A71F62444200F00AF9 /* Debug */,
				CE1538A81F62444200F00AF9 /* Release */,
			);
			defaultConfigurationIsVisible = 0;
			defaultConfigurationName = Release;
		};
		CE1538A91F62444200F00AF9 /* Build configuration list for PBXNativeTarget "Tipster" */ = {
			isa = XCConfigurationList;
			buildConfigurations = (
				CE1538AA1F62444200F00AF9 /* Debug */,
				CE1538AB1F62444200F00AF9 /* Release */,
			);
			defaultConfigurationIsVisible = 0;
		};
		CE1538AC1F62444200F00AF9 /* Build configuration list for PBXNativeTarget "TipsterTests" */ = {
			isa = XCConfigurationList;
			buildConfigurations = (
				CE1538AD1F62444200F00AF9 /* Debug */,
				CE1538AE1F62444200F00AF9 /* Release */,
			);
			defaultConfigurationIsVisible = 0;
		};
		CE1538AF1F62444200F00AF9 /* Build configuration list for PBXNativeTarget "TipsterUITests" */ = {
			isa = XCConfigurationList;
			buildConfigurations = (
				CE1538B01F62444200F00AF9 /* Debug */,
				CE1538B11F62444200F00AF9 /* Release */,
			);
			defaultConfigurationIsVisible = 0;
		};
/* End XCConfigurationList section */
	};
	rootObject = CE1538791F62444200F00AF9 /* Project object */;
}
